
Microsoft Visual Studio Solution File, Format Version 12.00
# Visual Studio 15
VisualStudioVersion = 15.0.28307.1145
MinimumVisualStudioVersion = 10.0.40219.1
Project("{FAE04EC0-301F-11D3-BF4B-00C04F79EFBC}") = "SiberiaUniversity", "SiberiaUniversity\SiberiaUniversity.csproj", "{D32BCEDA-435E-472F-B60D-82040996938E}"
EndProject
Global
	GlobalSection(SolutionConfigurationPlatforms) = preSolution
		Debug|Any CPU = Debug|Any CPU
		Release|Any CPU = Release|Any CPU
	EndGlobalSection
	GlobalSection(ProjectConfigurationPlatforms) = postSolution
		{D32BCEDA-435E-472F-B60D-82040996938E}.Debug|Any CPU.ActiveCfg = Debug|Any CPU
		{D32BCEDA-435E-472F-B60D-82040996938E}.Debug|Any CPU.Build.0 = Debug|Any CPU
		{D32BCEDA-435E-472F-B60D-82040996938E}.Release|Any CPU.ActiveCfg = Release|Any CPU
		{D32BCEDA-435E-472F-B60D-82040996938E}.Release|Any CPU.Build.0 = Release|Any CPU
	EndGlobalSection
	GlobalSection(SolutionProperties) = preSolution
		HideSolutionNode = FALSE
	EndGlobalSection
	GlobalSection(ExtensibilityGlobals) = postSolution
		SolutionGuid = {40B52307-F42C-4E23-A770-03F826625A48}
	EndGlobalSection
EndGlobal
